// !$*UTF8*$!
{
	archiveVersion = 1;
	classes = {
	};
	objectVersion = 46;
	objects = {

/* Begin PBXBuildFile section */
		6873CAE8E5952F054ABBEE35 /* Pods_RealmReadWriteTestApp.framework in Frameworks */ = {isa = PBXBuildFile; fileRef = E88E09C42D27D0B335BC4815 /* Pods_RealmReadWriteTestApp.framework */; };
		D6F700831ED71B1D00E3F037 /* AppDelegate.swift in Sources */ = {isa = PBXBuildFile; fileRef = D6F700821ED71B1D00E3F037 /* AppDelegate.swift */; };
		D6F700851ED71B1D00E3F037 /* ViewController.swift in Sources */ = {isa = PBXBuildFile; fileRef = D6F700841ED71B1D00E3F037 /* ViewController.swift */; };
		D6F700881ED71B1D00E3F037 /* Main.storyboard in Resources */ = {isa = PBXBuildFile; fileRef = D6F700861ED71B1D00E3F037 /* Main.storyboard */; };
		D6F7008A1ED71B1D00E3F037 /* Assets.xcassets in Resources */ = {isa = PBXBuildFile; fileRef = D6F700891ED71B1D00E3F037 /* Assets.xcassets */; };
		D6F7008D1ED71B1D00E3F037 /* LaunchScreen.storyboard in Resources */ = {isa = PBXBuildFile; fileRef = D6F7008B1ED71B1D00E3F037 /* LaunchScreen.storyboard */; };
/* End PBXBuildFile section */

/* Begin PBXFileReference section */
		7475A8A297002846D647A0C4 /* Pods-RealmReadWriteTestApp.release.xcconfig */ = {isa = PBXFileReference; includeInIndex = 1; lastKnownFileType = text.xcconfig; name = "Pods-RealmReadWriteTestApp.release.xcconfig"; path = "Pods/Target Support Files/Pods-RealmReadWriteTestApp/Pods-RealmReadWriteTestApp.release.xcconfig"; sourceTree = "<group>"; };
		B4887E79CEDACB4D6E3B11C6 /* Pods-RealmReadWriteTestApp.debug.xcconfig */ = {isa = PBXFileReference; includeInIndex = 1; lastKnownFileType = text.xcconfig; name = "Pods-RealmReadWriteTestApp.debug.xcconfig"; path = "Pods/Target Support Files/Pods-RealmReadWriteTestApp/Pods-RealmReadWriteTestApp.debug.xcconfig"; sourceTree = "<group>"; };
		D6F7007F1ED71B1D00E3F037 /* RealmReadWriteTestApp.app */ = {isa = PBXFileReference; explicitFileType = wrapper.application; includeInIndex = 0; path = RealmReadWriteTestApp.app; sourceTree = BUILT_PRODUCTS_DIR; };
		D6F700821ED71B1D00E3F037 /* AppDelegate.swift */ = {isa = PBXFileReference; lastKnownFileType = sourcecode.swift; path = AppDelegate.swift; sourceTree = "<group>"; };
		D6F700841ED71B1D00E3F037 /* ViewController.swift */ = {isa = PBXFileReference; lastKnownFileType = sourcecode.swift; path = ViewController.swift; sourceTree = "<group>"; };
		D6F700871ED71B1D00E3F037 /* Base */ = {isa = PBXFileReference; lastKnownFileType = file.storyboard; name = Base; path = Base.lproj/Main.storyboard; sourceTree = "<group>"; };
		D6F700891ED71B1D00E3F037 /* Assets.xcassets */ = {isa = PBXFileReference; lastKnownFileType = folder.assetcatalog; path = Assets.xcassets; sourceTree = "<group>"; };
		D6F7008C1ED71B1D00E3F037 /* Base */ = {isa = PBXFileReference; lastKnownFileType = file.storyboard; name = Base; path = Base.lproj/LaunchScreen.storyboard; sourceTree = "<group>"; };
		D6F7008E1ED71B1D00E3F037 /* Info.plist */ = {isa = PBXFileReference; lastKnownFileType = text.plist.xml; path = Info.plist; sourceTree = "<group>"; };
		E88E09C42D27D0B335BC4815 /* Pods_RealmReadWriteTestApp.framework */ = {isa = PBXFileReference; explicitFileType = wrapper.framework; includeInIndex = 0; path = Pods_RealmReadWriteTestApp.framework; sourceTree = BUILT_PRODUCTS_DIR; };
/* End PBXFileReference section */

/* Begin PBXFrameworksBuildPhase section */
		D6F7007C1ED71B1D00E3F037 /* Frameworks */ = {
			isa = PBXFrameworksBuildPhase;
			buildActionMask = 2147483647;
			files = (
				6873CAE8E5952F054ABBEE35 /* Pods_RealmReadWriteTestApp.framework in Frameworks */,
			);
			runOnlyForDeploymentPostprocessing = 0;
		};
/* End PBXFrameworksBuildPhase section */

/* Begin PBXGroup section */
		C47B1A8646DB17CC48C6976E /* Pods */ = {
			isa = PBXGroup;
			children = (
				B4887E79CEDACB4D6E3B11C6 /* Pods-RealmReadWriteTestApp.debug.xcconfig */,
				7475A8A297002846D647A0C4 /* Pods-RealmReadWriteTestApp.release.xcconfig */,
			);
			name = Pods;
			sourceTree = "<group>";
		};
		D6F700761ED71B1D00E3F037 = {
			isa = PBXGroup;
			children = (
				D6F700811ED71B1D00E3F037 /* RealmReadWriteTestApp */,
				D6F700801ED71B1D00E3F037 /* Products */,
				C47B1A8646DB17CC48C6976E /* Pods */,
				F06F71C330A01ED28FC285F6 /* Frameworks */,
			);
			sourceTree = "<group>";
		};
		D6F700801ED71B1D00E3F037 /* Products */ = {
			isa = PBXGroup;
			children = (
				D6F7007F1ED71B1D00E3F037 /* RealmReadWriteTestApp.app */,
			);
			name = Products;
			sourceTree = "<group>";
		};
		D6F700811ED71B1D00E3F037 /* RealmReadWriteTestApp */ = {
			isa = PBXGroup;
			children = (
				D6F700821ED71B1D00E3F037 /* AppDelegate.swift */,
				D6F700841ED71B1D00E3F037 /* ViewController.swift */,
				D6F700861ED71B1D00E3F037 /* Main.storyboard */,
				D6F700891ED71B1D00E3F037 /* Assets.xcassets */,
				D6F7008B1ED71B1D00E3F037 /* LaunchScreen.storyboard */,
				D6F7008E1ED71B1D00E3F037 /* Info.plist */,
			);
			path = RealmReadWriteTestApp;
			sourceTree = "<group>";
		};
		F06F71C330A01ED28FC285F6 /* Frameworks */ = {
			isa = PBXGroup;
			children = (
				E88E09C42D27D0B335BC4815 /* Pods_RealmReadWriteTestApp.framework */,
			);
			name = Frameworks;
			sourceTree = "<group>";
		};
/* End PBXGroup section */

/* Begin PBXNativeTarget section */
		D6F7007E1ED71B1D00E3F037 /* RealmReadWriteTestApp */ = {
			isa = PBXNativeTarget;
			buildConfigurationList = D6F700911ED71B1D00E3F037 /* Build configuration list for PBXNativeTarget "RealmReadWriteTestApp" */;
			buildPhases = (
				DE2737F0CBF06D700C9CFFCC /* [CP] Check Pods Manifest.lock */,
				D6F7007B1ED71B1D00E3F037 /* Sources */,
				D6F7007C1ED71B1D00E3F037 /* Frameworks */,
				D6F7007D1ED71B1D00E3F037 /* Resources */,
				90A3528F999356F8F3DDC110 /* [CP] Embed Pods Frameworks */,
				418A8778107803CB45DF7528 /* [CP] Copy Pods Resources */,
			);
			buildRules = (
			);
			dependencies = (
			);
			name = RealmReadWriteTestApp;
			productName = RealmReadWriteTestApp;
			productReference = D6F7007F1ED71B1D00E3F037 /* RealmReadWriteTestApp.app */;
			productType = "com.apple.product-type.application";
		};
/* End PBXNativeTarget section */

/* Begin PBXProject section */
		D6F700771ED71B1D00E3F037 /* Project object */ = {
			isa = PBXProject;
			attributes = {
				LastSwiftUpdateCheck = 0830;
				LastUpgradeCheck = 0830;
				ORGANIZATIONNAME = "Paul Uhn";
				TargetAttributes = {
					D6F7007E1ED71B1D00E3F037 = {
						CreatedOnToolsVersion = 8.3.2;
						DevelopmentTeam = D26T23C8PT;
						ProvisioningStyle = Automatic;
					};
				};
			};
			buildConfigurationList = D6F7007A1ED71B1D00E3F037 /* Build configuration list for PBXProject "RealmReadWriteTestApp" */;
			compatibilityVersion = "Xcode 3.2";
			developmentRegion = English;
			hasScannedForEncodings = 0;
			knownRegions = (
				en,
				Base,
			);
			mainGroup = D6F700761ED71B1D00E3F037;
			productRefGroup = D6F700801ED71B1D00E3F037 /* Products */;
			projectDirPath = "";
			projectRoot = "";
			targets = (
				D6F7007E1ED71B1D00E3F037 /* RealmReadWriteTestApp */,
			);
		};
/* End PBXProject section */

/* Begin PBXResourcesBuildPhase section */
		D6F7007D1ED71B1D00E3F037 /* Resources */ = {
			isa = PBXResourcesBuildPhase;
			buildActionMask = 2147483647;
			files = (
				D6F7008D1ED71B1D00E3F037 /* LaunchScreen.storyboard in Resources */,
				D6F7008A1ED71B1D00E3F037 /* Assets.xcassets in Resources */,
				D6F700881ED71B1D00E3F037 /* Main.storyboard in Resources */,
			);
			runOnlyForDeploymentPostprocessing = 0;
		};
/* End PBXResourcesBuildPhase section */

/* Begin PBXShellScriptBuildPhase section */
		418A8778107803CB45DF7528 /* [CP] Copy Pods Resources */ = {
			isa = PBXShellScriptBuildPhase;
			buildActionMask = 2147483647;
			files = (
			);
			inputPaths = (
			);
			name = "[CP] Copy Pods Resources";
			outputPaths = (
			);
			runOnlyForDeploymentPostprocessing = 0;
			shellPath = /bin/sh;
			shellScript = "\"${SRCROOT}/Pods/Target Support Files/Pods-RealmReadWriteTestApp/Pods-RealmReadWriteTestApp-resources.sh\"\n";
			showEnvVarsInLog = 0;
		};
		90A3528F999356F8F3DDC110 /* [CP] Embed Pods Frameworks */ = {
			isa = PBXShellScriptBuildPhase;
			buildActionMask = 2147483647;
			files = (
			);
			inputPaths = (
			);
			name = "[CP] Embed Pods Frameworks";
			outputPaths = (
			);
			runOnlyForDeploymentPostprocessing = 0;
			shellPath = /bin/sh;
			shellScript = "\"${SRCROOT}/Pods/Target Support Files/Pods-RealmReadWriteTestApp/Pods-RealmReadWriteTestApp-frameworks.sh\"\n";
			showEnvVarsInLog = 0;
		};
		DE2737F0CBF06D700C9CFFCC /* [CP] Check Pods Manifest.lock */ = {
			isa = PBXShellScriptBuildPhase;
			buildActionMask = 2147483647;
			files = (
			);
			inputPaths = (
			);
			name = "[CP] Check Pods Manifest.lock";
			outputPaths = (
			);
			runOnlyForDeploymentPostprocessing = 0;
			shellPath = /bin/sh;
			shellScript = "diff \"${PODS_PODFILE_DIR_PATH}/Podfile.lock\" \"${PODS_ROOT}/Manifest.lock\" > /dev/null\nif [ $? != 0 ] ; then\n    # print error to STDERR\n    echo \"error: The sandbox is not in sync with the Podfile.lock. Run 'pod install' or update your CocoaPods installation.\" >&2\n    exit 1\nfi\n";
			showEnvVarsInLog = 0;
		};
/* End PBXShellScriptBuildPhase section */

/* Begin PBXSourcesBuildPhase section */
		D6F7007B1ED71B1D00E3F037 /* Sources */ = {
			isa = PBXSourcesBuildPhase;
			buildActionMask = 2147483647;
			files = (
				D6F700851ED71B1D00E3F037 /* ViewController.swift in Sources */,
				D6F700831ED71B1D00E3F037 /* AppDelegate.swift in Sources */,
			);
			runOnlyForDeploymentPostprocessing = 0;
		};
/* End PBXSourcesBuildPhase section */

/* Begin PBXVariantGroup section */
		D6F700861ED71B1D00E3F037 /* Main.storyboard */ = {
			isa = PBXVariantGroup;
			children = (
				D6F700871ED71B1D00E3F037 /* Base */,
			);
			name = Main.storyboard;
			sourceTree = "<group>";
		};
		D6F7008B1ED71B1D00E3F037 /* LaunchScreen.storyboard */ = {
			isa = PBXVariantGroup;
			children = (
				D6F7008C1ED71B1D00E3F037 /* Base */,
			);
			name = LaunchScreen.storyboard;
			sourceTree = "<group>";
		};
/* End PBXVariantGroup section */

/* Begin XCBuildConfiguration section */
		D6F7008F1ED71B1D00E3F037 /* Debug */ = {
			isa = XCBuildConfiguration;
			buildSettings = {
				ALWAYS_SEARCH_USER_PATHS = NO;
				CLANG_ANALYZER_NONNULL = YES;
				CLANG_ANALYZER_NUMBER_OBJECT_CONVERSION = YES_AGGRESSIVE;
				CLANG_CXX_LANGUAGE_STANDARD = "gnu++0x";
				CLANG_CXX_LIBRARY = "libc++";
				CLANG_ENABLE_MODULES = YES;
				CLANG_ENABLE_OBJC_ARC = YES;
				CLANG_WARN_BOOL_CONVERSION = YES;
				CLANG_WARN_CONSTANT_CONVERSION = YES;
				CLANG_WARN_DIRECT_OBJC_ISA_USAGE = YES_ERROR;
				CLANG_WARN_DOCUMENTATION_COMMENTS = YES;
				CLANG_WARN_EMPTY_BODY = YES;
				CLANG_WARN_ENUM_CONVERSION = YES;
				CLANG_WARN_INFINITE_RECURSION = YES;
				CLANG_WARN_INT_CONVERSION = YES;
				CLANG_WARN_OBJC_ROOT_CLASS = YES_ERROR;
				CLANG_WARN_SUSPICIOUS_MOVE = YES;
				CLANG_WARN_UNREACHABLE_CODE = YES;
				CLANG_WARN__DUPLICATE_METHOD_MATCH = YES;
				"CODE_SIGN_IDENTITY[sdk=iphoneos*]" = "iPhone Developer";
				COPY_PHASE_STRIP = NO;
				DEBUG_INFORMATION_FORMAT = dwarf;
				ENABLE_STRICT_OBJC_MSGSEND = YES;
				ENABLE_TESTABILITY = YES;
				GCC_C_LANGUAGE_STANDARD = gnu99;
				GCC_DYNAMIC_NO_PIC = NO;
				GCC_NO_COMMON_BLOCKS = YES;
				GCC_OPTIMIZATION_LEVEL = 0;
				GCC_PREPROCESSOR_DEFINITIONS = (
					"DEBUG=1",
					"$(inherited)",
				);
				GCC_WARN_64_TO_32_BIT_CONVERSION = YES;
				GCC_WARN_ABOUT_RETURN_TYPE = YES_ERROR;
				GCC_WARN_UNDECLARED_SELECTOR = YES;
				GCC_WARN_UNINITIALIZED_AUTOS = YES_AGGRESSIVE;
				GCC_WARN_UNUSED_FUNCTION = YES;
				GCC_WARN_UNUSED_VARIABLE = YES;
				IPHONEOS_DEPLOYMENT_TARGET = 10.3;
				MTL_ENABLE_DEBUG_INFO = YES;
				ONLY_ACTIVE_ARCH = YES;
				SDKROOT = iphoneos;
				SWIFT_ACTIVE_COMPILATION_CONDITIONS = DEBUG;
				SWIFT_OPTIMIZATION_LEVEL = "-Onone";
				TARGETED_DEVICE_FAMILY = "1,2";
			};
			name = Debug;
		};
		D6F700901ED71B1D00E3F037 /* Release */ = {
			isa = XCBuildConfiguration;
			buildSettings = {
				ALWAYS_SEARCH_USER_PATHS = NO;
				CLANG_ANALYZER_NONNULL = YES;
				CLANG_ANALYZER_NUMBER_OBJECT_CONVERSION = YES_AGGRESSIVE;
				CLANG_CXX_LANGUAGE_STANDARD = "gnu++0x";
				CLANG_CXX_LIBRARY = "libc++";
				CLANG_ENABLE_MODULES = YES;
				CLANG_ENABLE_OBJC_ARC = YES;
				CLANG_WARN_BOOL_CONVERSION = YES;
				CLANG_WARN_CONSTANT_CONVERSION = YES;
				CLANG_WARN_DIRECT_OBJC_ISA_USAGE = YES_ERROR;
				CLANG_WARN_DOCUMENTATION_COMMENTS = YES;
				CLANG_WARN_EMPTY_BODY = YES;
				CLANG_WARN_ENUM_CONVERSION = YES;
				CLANG_WARN_INFINITE_RECURSION = YES;
				CLANG_WARN_INT_CONVERSION = YES;
				CLANG_WARN_OBJC_ROOT_CLASS = YES_ERROR;
				CLANG_WARN_SUSPICIOUS_MOVE = YES;
				CLANG_WARN_UNREACHABLE_CODE = YES;
				CLANG_WARN__DUPLICATE_METHOD_MATCH = YES;
				"CODE_SIGN_IDENTITY[sdk=iphoneos*]" = "iPhone Developer";
				COPY_PHASE_STRIP = NO;
				DEBUG_INFORMATION_FORMAT = "dwarf-with-dsym";
				ENABLE_NS_ASSERTIONS = NO;
				ENABLE_STRICT_OBJC_MSGSEND = YES;
				GCC_C_LANGUAGE_STANDARD = gnu99;
				GCC_NO_COMMON_BLOCKS = YES;
				GCC_WARN_64_TO_32_BIT_CONVERSION = YES;
				GCC_WARN_ABOUT_RETURN_TYPE = YES_ERROR;
				GCC_WARN_UNDECLARED_SELECTOR = YES;
				GCC_WARN_UNINITIALIZED_AUTOS = YES_AGGRESSIVE;
				GCC_WARN_UNUSED_FUNCTION = YES;
				GCC_WARN_UNUSED_VARIABLE = YES;
				IPHONEOS_DEPLOYMENT_TARGET = 10.3;
				MTL_ENABLE_DEBUG_INFO = NO;
				SDKROOT = iphoneos;
				SWIFT_OPTIMIZATION_LEVEL = "-Owholemodule";
				TARGETED_DEVICE_FAMILY = "1,2";
				VALIDATE_PRODUCT = YES;
			};
			name = Release;
		};
		D6F700921ED71B1D00E3F037 /* Debug */ = {
			isa = XCBuildConfiguration;
			baseConfigurationReference = B4887E79CEDACB4D6E3B11C6 /* Pods-RealmReadWriteTestApp.debug.xcconfig */;
			buildSettings = {
				ASSETCATALOG_COMPILER_APPICON_NAME = AppIcon;
				DEVELOPMENT_TEAM = D26T23C8PT;
				INFOPLIST_FILE = RealmReadWriteTestApp/Info.plist;
				LD_RUNPATH_SEARCH_PATHS = "$(inherited) @executable_path/Frameworks";
				PRODUCT_BUNDLE_IDENTIFIER = com.blackelephants.RealmReadWriteTestApp;
				PRODUCT_NAME = "$(TARGET_NAME)";
				SWIFT_VERSION = 3.0;
			};
			name = Debug;
		};
		D6F700931ED71B1D00E3F037 /* Release */ = {
			isa = XCBuildConfiguration;
			baseConfigurationReference = 7475A8A297002846D647A0C4 /* Pods-RealmReadWriteTestApp.release.xcconfig */;
			buildSettings = {
				ASSETCATALOG_COMPILER_APPICON_NAME = AppIcon;
				DEVELOPMENT_TEAM = D26T23C8PT;
				INFOPLIST_FILE = RealmReadWriteTestApp/Info.plist;
				LD_RUNPATH_SEARCH_PATHS = "$(inherited) @executable_path/Frameworks";
				PRODUCT_BUNDLE_IDENTIFIER = com.blackelephants.RealmReadWriteTestApp;
				PRODUCT_NAME = "$(TARGET_NAME)";
				SWIFT_VERSION = 3.0;
			};
			name = Release;
		};
/* End XCBuildConfiguration section */

/* Begin XCConfigurationList section */
		D6F7007A1ED71B1D00E3F037 /* Build configuration list for PBXProject "RealmReadWriteTestApp" */ = {
			isa = XCConfigurationList;
			buildConfigurations = (
				D6F7008F1ED71B1D00E3F037 /* Debug */,
				D6F700901ED71B1D00E3F037 /* Release */,
			);
			defaultConfigurationIsVisible = 0;
			defaultConfigurationName = Release;
		};
		D6F700911ED71B1D00E3F037 /* Build configuration list for PBXNativeTarget "RealmReadWriteTestApp" */ = {
			isa = XCConfigurationList;
			buildConfigurations = (
				D6F700921ED71B1D00E3F037 /* Debug */,
				D6F700931ED71B1D00E3F037 /* Release */,
			);
			defaultConfigurationIsVisible = 0;
		};
/* End XCConfigurationList section */
	};
	rootObject = D6F700771ED71B1D00E3F037 /* Project object */;
}
